{
  "originHash" : "c4695931f26ed6a3be2f60d0c4645c2aaf30931c9d3d16d738a7ee3cc0714a48",
  "pins" : [
    {
      "identity" : "swift-argument-parser",
      "kind" : "remoteSourceControl",
      "location" : "https://github.com/apple/swift-argument-parser",
      "state" : {
        "branch" : "main",
        "revision" : "c3bdeba7aa42ca42df3ec29c3cb98356bf2394cd"
      }
    }
  ],
  "version" : 3
}
